// !$*UTF8*$!
{
	archiveVersion = 1;
	classes = {
	};
	objectVersion = 50;
	objects = {

/* Begin PBXBuildFile section */
		08EB77F620FDB65A0058CB66 /* AppDelegate.swift in Sources */ = {isa = PBXBuildFile; fileRef = 08EB77F520FDB65A0058CB66 /* AppDelegate.swift */; };
		08EB77FB20FDB65A0058CB66 /* Main.storyboard in Resources */ = {isa = PBXBuildFile; fileRef = 08EB77F920FDB65A0058CB66 /* Main.storyboard */; };
		08EB780020FDB65C0058CB66 /* Assets.xcassets in Resources */ = {isa = PBXBuildFile; fileRef = 08EB77FF20FDB65C0058CB66 /* Assets.xcassets */; };
		08EB780320FDB65C0058CB66 /* LaunchScreen.storyboard in Resources */ = {isa = PBXBuildFile; fileRef = 08EB780120FDB65C0058CB66 /* LaunchScreen.storyboard */; };
		08EB780B20FDBB560058CB66 /* MainPageViewController.swift in Sources */ = {isa = PBXBuildFile; fileRef = 08EB780A20FDBB560058CB66 /* MainPageViewController.swift */; };
		08FA0E9220FE5B2B0099B506 /* FrontPageTableViewCell.swift in Sources */ = {isa = PBXBuildFile; fileRef = 08FA0E9020FE5B2B0099B506 /* FrontPageTableViewCell.swift */; };
		08FA0E9320FE5B2B0099B506 /* FrontPageTableViewCell.xib in Resources */ = {isa = PBXBuildFile; fileRef = 08FA0E9120FE5B2B0099B506 /* FrontPageTableViewCell.xib */; };
		57593B9639B79738E877C469 /* Pods_Converter.framework in Frameworks */ = {isa = PBXBuildFile; fileRef = F9E509C481ED56EA94BC2CE7 /* Pods_Converter.framework */; };
/* End PBXBuildFile section */

/* Begin PBXFileReference section */
		08EB77F220FDB65A0058CB66 /* Converter.app */ = {isa = PBXFileReference; explicitFileType = wrapper.application; includeInIndex = 0; path = Converter.app; sourceTree = BUILT_PRODUCTS_DIR; };
		08EB77F520FDB65A0058CB66 /* AppDelegate.swift */ = {isa = PBXFileReference; lastKnownFileType = sourcecode.swift; path = AppDelegate.swift; sourceTree = "<group>"; };
		08EB77FA20FDB65A0058CB66 /* Base */ = {isa = PBXFileReference; lastKnownFileType = file.storyboard; name = Base; path = Base.lproj/Main.storyboard; sourceTree = "<group>"; };
		08EB77FF20FDB65C0058CB66 /* Assets.xcassets */ = {isa = PBXFileReference; lastKnownFileType = folder.assetcatalog; path = Assets.xcassets; sourceTree = "<group>"; };
		08EB780220FDB65C0058CB66 /* Base */ = {isa = PBXFileReference; lastKnownFileType = file.storyboard; name = Base; path = Base.lproj/LaunchScreen.storyboard; sourceTree = "<group>"; };
		08EB780420FDB65C0058CB66 /* Info.plist */ = {isa = PBXFileReference; lastKnownFileType = text.plist.xml; path = Info.plist; sourceTree = "<group>"; };
		08EB780A20FDBB560058CB66 /* MainPageViewController.swift */ = {isa = PBXFileReference; lastKnownFileType = sourcecode.swift; path = MainPageViewController.swift; sourceTree = "<group>"; };
		08FA0E9020FE5B2B0099B506 /* FrontPageTableViewCell.swift */ = {isa = PBXFileReference; lastKnownFileType = sourcecode.swift; path = FrontPageTableViewCell.swift; sourceTree = "<group>"; };
		08FA0E9120FE5B2B0099B506 /* FrontPageTableViewCell.xib */ = {isa = PBXFileReference; lastKnownFileType = file.xib; path = FrontPageTableViewCell.xib; sourceTree = "<group>"; };
		12A801E95BEABDB7307AEA4C /* Pods-Converter.release.xcconfig */ = {isa = PBXFileReference; includeInIndex = 1; lastKnownFileType = text.xcconfig; name = "Pods-Converter.release.xcconfig"; path = "Pods/Target Support Files/Pods-Converter/Pods-Converter.release.xcconfig"; sourceTree = "<group>"; };
		38F6BBCC1A8ED1C6C27E2A86 /* Pods-Converter.debug.xcconfig */ = {isa = PBXFileReference; includeInIndex = 1; lastKnownFileType = text.xcconfig; name = "Pods-Converter.debug.xcconfig"; path = "Pods/Target Support Files/Pods-Converter/Pods-Converter.debug.xcconfig"; sourceTree = "<group>"; };
		F9E509C481ED56EA94BC2CE7 /* Pods_Converter.framework */ = {isa = PBXFileReference; explicitFileType = wrapper.framework; includeInIndex = 0; path = Pods_Converter.framework; sourceTree = BUILT_PRODUCTS_DIR; };
/* End PBXFileReference section */

/* Begin PBXFrameworksBuildPhase section */
		08EB77EF20FDB65A0058CB66 /* Frameworks */ = {
			isa = PBXFrameworksBuildPhase;
			buildActionMask = 2147483647;
			files = (
				57593B9639B79738E877C469 /* Pods_Converter.framework in Frameworks */,
			);
			runOnlyForDeploymentPostprocessing = 0;
		};
/* End PBXFrameworksBuildPhase section */

/* Begin PBXGroup section */
		08EB77E920FDB65A0058CB66 = {
			isa = PBXGroup;
			children = (
				08EB77F420FDB65A0058CB66 /* Converter */,
				08EB77F320FDB65A0058CB66 /* Products */,
				ACB8CD5BBED90C513E0D0AD2 /* Pods */,
				E80EEA120ECB0391A6D68BD6 /* Frameworks */,
			);
			sourceTree = "<group>";
		};
		08EB77F320FDB65A0058CB66 /* Products */ = {
			isa = PBXGroup;
			children = (
				08EB77F220FDB65A0058CB66 /* Converter.app */,
			);
			name = Products;
			sourceTree = "<group>";
		};
		08EB77F420FDB65A0058CB66 /* Converter */ = {
			isa = PBXGroup;
			children = (
				08FA0E8F20FE5B140099B506 /* Cells */,
				08EB77F520FDB65A0058CB66 /* AppDelegate.swift */,
				08EB780A20FDBB560058CB66 /* MainPageViewController.swift */,
				08EB77F920FDB65A0058CB66 /* Main.storyboard */,
				08EB77FF20FDB65C0058CB66 /* Assets.xcassets */,
				08EB780120FDB65C0058CB66 /* LaunchScreen.storyboard */,
				08EB780420FDB65C0058CB66 /* Info.plist */,
			);
			path = Converter;
			sourceTree = "<group>";
		};
		08FA0E8F20FE5B140099B506 /* Cells */ = {
			isa = PBXGroup;
			children = (
				08FA0E9020FE5B2B0099B506 /* FrontPageTableViewCell.swift */,
				08FA0E9120FE5B2B0099B506 /* FrontPageTableViewCell.xib */,
			);
			path = Cells;
			sourceTree = "<group>";
		};
		ACB8CD5BBED90C513E0D0AD2 /* Pods */ = {
			isa = PBXGroup;
			children = (
				38F6BBCC1A8ED1C6C27E2A86 /* Pods-Converter.debug.xcconfig */,
				12A801E95BEABDB7307AEA4C /* Pods-Converter.release.xcconfig */,
			);
			name = Pods;
			sourceTree = "<group>";
		};
		E80EEA120ECB0391A6D68BD6 /* Frameworks */ = {
			isa = PBXGroup;
			children = (
				F9E509C481ED56EA94BC2CE7 /* Pods_Converter.framework */,
			);
			name = Frameworks;
			sourceTree = "<group>";
		};
/* End PBXGroup section */

/* Begin PBXNativeTarget section */
		08EB77F120FDB65A0058CB66 /* Converter */ = {
			isa = PBXNativeTarget;
			buildConfigurationList = 08EB780720FDB65C0058CB66 /* Build configuration list for PBXNativeTarget "Converter" */;
			buildPhases = (
				C3C83D67D9048420AA616004 /* [CP] Check Pods Manifest.lock */,
				08EB77EE20FDB65A0058CB66 /* Sources */,
				08EB77EF20FDB65A0058CB66 /* Frameworks */,
				08EB77F020FDB65A0058CB66 /* Resources */,
				53B05BB5B7919727A1B0AD96 /* [CP] Embed Pods Frameworks */,
			);
			buildRules = (
			);
			dependencies = (
			);
			name = Converter;
			productName = Converter;
			productReference = 08EB77F220FDB65A0058CB66 /* Converter.app */;
			productType = "com.apple.product-type.application";
		};
/* End PBXNativeTarget section */

/* Begin PBXProject section */
		08EB77EA20FDB65A0058CB66 /* Project object */ = {
			isa = PBXProject;
			attributes = {
				LastSwiftUpdateCheck = 0940;
				LastUpgradeCheck = 0940;
				ORGANIZATIONNAME = "Rahul Dhiman";
				TargetAttributes = {
					08EB77F120FDB65A0058CB66 = {
						CreatedOnToolsVersion = 9.4.1;
					};
				};
			};
			buildConfigurationList = 08EB77ED20FDB65A0058CB66 /* Build configuration list for PBXProject "Converter" */;
			compatibilityVersion = "Xcode 9.3";
			developmentRegion = en;
			hasScannedForEncodings = 0;
			knownRegions = (
				en,
				Base,
			);
			mainGroup = 08EB77E920FDB65A0058CB66;
			productRefGroup = 08EB77F320FDB65A0058CB66 /* Products */;
			projectDirPath = "";
			projectRoot = "";
			targets = (
				08EB77F120FDB65A0058CB66 /* Converter */,
			);
		};
/* End PBXProject section */

/* Begin PBXResourcesBuildPhase section */
		08EB77F020FDB65A0058CB66 /* Resources */ = {
			isa = PBXResourcesBuildPhase;
			buildActionMask = 2147483647;
			files = (
				08FA0E9320FE5B2B0099B506 /* FrontPageTableViewCell.xib in Resources */,
				08EB780320FDB65C0058CB66 /* LaunchScreen.storyboard in Resources */,
				08EB780020FDB65C0058CB66 /* Assets.xcassets in Resources */,
				08EB77FB20FDB65A0058CB66 /* Main.storyboard in Resources */,
			);
			runOnlyForDeploymentPostprocessing = 0;
		};
/* End PBXResourcesBuildPhase section */

/* Begin PBXShellScriptBuildPhase section */
		53B05BB5B7919727A1B0AD96 /* [CP] Embed Pods Frameworks */ = {
			isa = PBXShellScriptBuildPhase;
			buildActionMask = 2147483647;
			files = (
			);
			inputPaths = (
				"${SRCROOT}/Pods/Target Support Files/Pods-Converter/Pods-Converter-frameworks.sh",
				"${BUILT_PRODUCTS_DIR}/EZYGradientView/EZYGradientView.framework",
				"${BUILT_PRODUCTS_DIR}/IQKeyboardManagerSwift/IQKeyboardManagerSwift.framework",
			);
			name = "[CP] Embed Pods Frameworks";
			outputPaths = (
				"${TARGET_BUILD_DIR}/${FRAMEWORKS_FOLDER_PATH}/EZYGradientView.framework",
				"${TARGET_BUILD_DIR}/${FRAMEWORKS_FOLDER_PATH}/IQKeyboardManagerSwift.framework",
			);
			runOnlyForDeploymentPostprocessing = 0;
			shellPath = /bin/sh;
			shellScript = "\"${SRCROOT}/Pods/Target Support Files/Pods-Converter/Pods-Converter-frameworks.sh\"\n";
			showEnvVarsInLog = 0;
		};
		C3C83D67D9048420AA616004 /* [CP] Check Pods Manifest.lock */ = {
			isa = PBXShellScriptBuildPhase;
			buildActionMask = 2147483647;
			files = (
			);
			inputPaths = (
				"${PODS_PODFILE_DIR_PATH}/Podfile.lock",
				"${PODS_ROOT}/Manifest.lock",
			);
			name = "[CP] Check Pods Manifest.lock";
			outputPaths = (
				"$(DERIVED_FILE_DIR)/Pods-Converter-checkManifestLockResult.txt",
			);
			runOnlyForDeploymentPostprocessing = 0;
			shellPath = /bin/sh;
			shellScript = "diff \"${PODS_PODFILE_DIR_PATH}/Podfile.lock\" \"${PODS_ROOT}/Manifest.lock\" > /dev/null\nif [ $? != 0 ] ; then\n    # print error to STDERR\n    echo \"error: The sandbox is not in sync with the Podfile.lock. Run 'pod install' or update your CocoaPods installation.\" >&2\n    exit 1\nfi\n# This output is used by Xcode 'outputs' to avoid re-running this script phase.\necho \"SUCCESS\" > \"${SCRIPT_OUTPUT_FILE_0}\"\n";
			showEnvVarsInLog = 0;
		};
/* End PBXShellScriptBuildPhase section */

/* Begin PBXSourcesBuildPhase section */
		08EB77EE20FDB65A0058CB66 /* Sources */ = {
			isa = PBXSourcesBuildPhase;
			buildActionMask = 2147483647;
			files = (
				08FA0E9220FE5B2B0099B506 /* FrontPageTableViewCell.swift in Sources */,
				08EB77F620FDB65A0058CB66 /* AppDelegate.swift in Sources */,
				08EB780B20FDBB560058CB66 /* MainPageViewController.swift in Sources */,
			);
			runOnlyForDeploymentPostprocessing = 0;
		};
/* End PBXSourcesBuildPhase section */

/* Begin PBXVariantGroup section */
		08EB77F920FDB65A0058CB66 /* Main.storyboard */ = {
			isa = PBXVariantGroup;
			children = (
				08EB77FA20FDB65A0058CB66 /* Base */,
			);
			name = Main.storyboard;
			sourceTree = "<group>";
		};
		08EB780120FDB65C0058CB66 /* LaunchScreen.storyboard */ = {
			isa = PBXVariantGroup;
			children = (
				08EB780220FDB65C0058CB66 /* Base */,
			);
			name = LaunchScreen.storyboard;
			sourceTree = "<group>";
		};
/* End PBXVariantGroup section */

/* Begin XCBuildConfiguration section */
		08EB780520FDB65C0058CB66 /* Debug */ = {
			isa = XCBuildConfiguration;
			buildSettings = {
				ALWAYS_SEARCH_USER_PATHS = NO;
				CLANG_ANALYZER_NONNULL = YES;
				CLANG_ANALYZER_NUMBER_OBJECT_CONVERSION = YES_AGGRESSIVE;
				CLANG_CXX_LANGUAGE_STANDARD = "gnu++14";
				CLANG_CXX_LIBRARY = "libc++";
				CLANG_ENABLE_MODULES = YES;
				CLANG_ENABLE_OBJC_ARC = YES;
				CLANG_ENABLE_OBJC_WEAK = YES;
				CLANG_WARN_BLOCK_CAPTURE_AUTORELEASING = YES;
				CLANG_WARN_BOOL_CONVERSION = YES;
				CLANG_WARN_COMMA = YES;
				CLANG_WARN_CONSTANT_CONVERSION = YES;
				CLANG_WARN_DEPRECATED_OBJC_IMPLEMENTATIONS = YES;
				CLANG_WARN_DIRECT_OBJC_ISA_USAGE = YES_ERROR;
				CLANG_WARN_DOCUMENTATION_COMMENTS = YES;
				CLANG_WARN_EMPTY_BODY = YES;
				CLANG_WARN_ENUM_CONVERSION = YES;
				CLANG_WARN_INFINITE_RECURSION = YES;
				CLANG_WARN_INT_CONVERSION = YES;
				CLANG_WARN_NON_LITERAL_NULL_CONVERSION = YES;
				CLANG_WARN_OBJC_IMPLICIT_RETAIN_SELF = YES;
				CLANG_WARN_OBJC_LITERAL_CONVERSION = YES;
				CLANG_WARN_OBJC_ROOT_CLASS = YES_ERROR;
				CLANG_WARN_RANGE_LOOP_ANALYSIS = YES;
				CLANG_WARN_STRICT_PROTOTYPES = YES;
				CLANG_WARN_SUSPICIOUS_MOVE = YES;
				CLANG_WARN_UNGUARDED_AVAILABILITY = YES_AGGRESSIVE;
				CLANG_WARN_UNREACHABLE_CODE = YES;
				CLANG_WARN__DUPLICATE_METHOD_MATCH = YES;
				CODE_SIGN_IDENTITY = "iPhone Developer";
				COPY_PHASE_STRIP = NO;
				DEBUG_INFORMATION_FORMAT = dwarf;
				ENABLE_STRICT_OBJC_MSGSEND = YES;
				ENABLE_TESTABILITY = YES;
				GCC_C_LANGUAGE_STANDARD = gnu11;
				GCC_DYNAMIC_NO_PIC = NO;
				GCC_NO_COMMON_BLOCKS = YES;
				GCC_OPTIMIZATION_LEVEL = 0;
				GCC_PREPROCESSOR_DEFINITIONS = (
					"DEBUG=1",
					"$(inherited)",
				);
				GCC_WARN_64_TO_32_BIT_CONVERSION = YES;
				GCC_WARN_ABOUT_RETURN_TYPE = YES_ERROR;
				GCC_WARN_UNDECLARED_SELECTOR = YES;
				GCC_WARN_UNINITIALIZED_AUTOS = YES_AGGRESSIVE;
				GCC_WARN_UNUSED_FUNCTION = YES;
				GCC_WARN_UNUSED_VARIABLE = YES;
				IPHONEOS_DEPLOYMENT_TARGET = 11.4;
				MTL_ENABLE_DEBUG_INFO = YES;
				ONLY_ACTIVE_ARCH = YES;
				SDKROOT = iphoneos;
				SWIFT_ACTIVE_COMPILATION_CONDITIONS = DEBUG;
				SWIFT_OPTIMIZATION_LEVEL = "-Onone";
			};
			name = Debug;
		};
		08EB780620FDB65C0058CB66 /* Release */ = {
			isa = XCBuildConfiguration;
			buildSettings = {
				ALWAYS_SEARCH_USER_PATHS = NO;
				CLANG_ANALYZER_NONNULL = YES;
				CLANG_ANALYZER_NUMBER_OBJECT_CONVERSION = YES_AGGRESSIVE;
				CLANG_CXX_LANGUAGE_STANDARD = "gnu++14";
				CLANG_CXX_LIBRARY = "libc++";
				CLANG_ENABLE_MODULES = YES;
				CLANG_ENABLE_OBJC_ARC = YES;
				CLANG_ENABLE_OBJC_WEAK = YES;
				CLANG_WARN_BLOCK_CAPTURE_AUTORELEASING = YES;
				CLANG_WARN_BOOL_CONVERSION = YES;
				CLANG_WARN_COMMA = YES;
				CLANG_WARN_CONSTANT_CONVERSION = YES;
				CLANG_WARN_DEPRECATED_OBJC_IMPLEMENTATIONS = YES;
				CLANG_WARN_DIRECT_OBJC_ISA_USAGE = YES_ERROR;
				CLANG_WARN_DOCUMENTATION_COMMENTS = YES;
				CLANG_WARN_EMPTY_BODY = YES;
				CLANG_WARN_ENUM_CONVERSION = YES;
				CLANG_WARN_INFINITE_RECURSION = YES;
				CLANG_WARN_INT_CONVERSION = YES;
				CLANG_WARN_NON_LITERAL_NULL_CONVERSION = YES;
				CLANG_WARN_OBJC_IMPLICIT_RETAIN_SELF = YES;
				CLANG_WARN_OBJC_LITERAL_CONVERSION = YES;
				CLANG_WARN_OBJC_ROOT_CLASS = YES_ERROR;
				CLANG_WARN_RANGE_LOOP_ANALYSIS = YES;
				CLANG_WARN_STRICT_PROTOTYPES = YES;
				CLANG_WARN_SUSPICIOUS_MOVE = YES;
				CLANG_WARN_UNGUARDED_AVAILABILITY = YES_AGGRESSIVE;
				CLANG_WARN_UNREACHABLE_CODE = YES;
				CLANG_WARN__DUPLICATE_METHOD_MATCH = YES;
				CODE_SIGN_IDENTITY = "iPhone Developer";
				COPY_PHASE_STRIP = NO;
				DEBUG_INFORMATION_FORMAT = "dwarf-with-dsym";
				ENABLE_NS_ASSERTIONS = NO;
				ENABLE_STRICT_OBJC_MSGSEND = YES;
				GCC_C_LANGUAGE_STANDARD = gnu11;
				GCC_NO_COMMON_BLOCKS = YES;
				GCC_WARN_64_TO_32_BIT_CONVERSION = YES;
				GCC_WARN_ABOUT_RETURN_TYPE = YES_ERROR;
				GCC_WARN_UNDECLARED_SELECTOR = YES;
				GCC_WARN_UNINITIALIZED_AUTOS = YES_AGGRESSIVE;
				GCC_WARN_UNUSED_FUNCTION = YES;
				GCC_WARN_UNUSED_VARIABLE = YES;
				IPHONEOS_DEPLOYMENT_TARGET = 11.4;
				MTL_ENABLE_DEBUG_INFO = NO;
				SDKROOT = iphoneos;
				SWIFT_COMPILATION_MODE = wholemodule;
				SWIFT_OPTIMIZATION_LEVEL = "-O";
				VALIDATE_PRODUCT = YES;
			};
			name = Release;
		};
		08EB780820FDB65C0058CB66 /* Debug */ = {
			isa = XCBuildConfiguration;
			baseConfigurationReference = 38F6BBCC1A8ED1C6C27E2A86 /* Pods-Converter.debug.xcconfig */;
			buildSettings = {
				ASSETCATALOG_COMPILER_APPICON_NAME = AppIcon;
				CODE_SIGN_IDENTITY = "iPhone Developer";
				CODE_SIGN_STYLE = Automatic;
				DEVELOPMENT_TEAM = BM93ACT257;
				INFOPLIST_FILE = Converter/Info.plist;
				IPHONEOS_DEPLOYMENT_TARGET = 9.0;
				LD_RUNPATH_SEARCH_PATHS = "$(inherited) @executable_path/Frameworks";
				PRODUCT_BUNDLE_IDENTIFIER = com.rahul.Converter;
				PRODUCT_NAME = "$(TARGET_NAME)";
				PROVISIONING_PROFILE_SPECIFIER = "";
				SWIFT_VERSION = 4.0;
				TARGETED_DEVICE_FAMILY = "1,2";
			};
			name = Debug;
		};
		08EB780920FDB65C0058CB66 /* Release */ = {
			isa = XCBuildConfiguration;
			baseConfigurationReference = 12A801E95BEABDB7307AEA4C /* Pods-Converter.release.xcconfig */;
			buildSettings = {
				ASSETCATALOG_COMPILER_APPICON_NAME = AppIcon;
				CODE_SIGN_IDENTITY = "iPhone Developer";
				CODE_SIGN_STYLE = Automatic;
				DEVELOPMENT_TEAM = BM93ACT257;
				INFOPLIST_FILE = Converter/Info.plist;
				IPHONEOS_DEPLOYMENT_TARGET = 9.0;
				LD_RUNPATH_SEARCH_PATHS = "$(inherited) @executable_path/Frameworks";
				PRODUCT_BUNDLE_IDENTIFIER = com.rahul.Converter;
				PRODUCT_NAME = "$(TARGET_NAME)";
				PROVISIONING_PROFILE_SPECIFIER = "";
				SWIFT_VERSION = 4.0;
				TARGETED_DEVICE_FAMILY = "1,2";
			};
			name = Release;
		};
/* End XCBuildConfiguration section */

/* Begin XCConfigurationList section */
		08EB77ED20FDB65A0058CB66 /* Build configuration list for PBXProject "Converter" */ = {
			isa = XCConfigurationList;
			buildConfigurations = (
				08EB780520FDB65C0058CB66 /* Debug */,
				08EB780620FDB65C0058CB66 /* Release */,
			);
			defaultConfigurationIsVisible = 0;
			defaultConfigurationName = Release;
		};
		08EB780720FDB65C0058CB66 /* Build configuration list for PBXNativeTarget "Converter" */ = {
			isa = XCConfigurationList;
			buildConfigurations = (
				08EB780820FDB65C0058CB66 /* Debug */,
				08EB780920FDB65C0058CB66 /* Release */,
			);
			defaultConfigurationIsVisible = 0;
			defaultConfigurationName = Release;
		};
/* End XCConfigurationList section */
	};
	rootObject = 08EB77EA20FDB65A0058CB66 /* Project object */;
}
